
Microsoft Visual Studio Solution File, Format Version 12.00
# Visual Studio Version 16
VisualStudioVersion = 16.0.29102.190
MinimumVisualStudioVersion = 10.0.40219.1
Project("{FAE04EC0-301F-11D3-BF4B-00C04F79EFBC}") = "ManyDivisions", "ManyDivisions\ManyDivisions.csproj", "{E3082232-16CF-49BA-A8C7-391E7D56E738}"
EndProject
Global
	GlobalSection(SolutionConfigurationPlatforms) = preSolution
		Debug|Any CPU = Debug|Any CPU
		Release|Any CPU = Release|Any CPU
	EndGlobalSection
	GlobalSection(ProjectConfigurationPlatforms) = postSolution
		{E3082232-16CF-49BA-A8C7-391E7D56E738}.Debug|Any CPU.ActiveCfg = Debug|Any CPU
		{E3082232-16CF-49BA-A8C7-391E7D56E738}.Debug|Any CPU.Build.0 = Debug|Any CPU
		{E3082232-16CF-49BA-A8C7-391E7D56E738}.Release|Any CPU.ActiveCfg = Release|Any CPU
		{E3082232-16CF-49BA-A8C7-391E7D56E738}.Release|Any CPU.Build.0 = Release|Any CPU
	EndGlobalSection
	GlobalSection(SolutionProperties) = preSolution
		HideSolutionNode = FALSE
	EndGlobalSection
	GlobalSection(ExtensibilityGlobals) = postSolution
		SolutionGuid = {D66A39BB-D451-440F-800D-FBF3D46A9EC7}
	EndGlobalSection
EndGlobal
